
Microsoft Visual Studio Solution File, Format Version 12.00
# Visual Studio Version 16
VisualStudioVersion = 16.0.30907.101
MinimumVisualStudioVersion = 10.0.40219.1
Project("{FAE04EC0-301F-11D3-BF4B-00C04F79EFBC}") = "Entity", "Entity\Entity.csproj", "{7A2503A0-3D7B-42BD-A4BA-348535857ED2}"
EndProject
Project("{FAE04EC0-301F-11D3-BF4B-00C04F79EFBC}") = "DataAccess", "DataAcces\DataAccess.csproj", "{FABDEC8E-E65E-4371-9C72-C3F6452EBC82}"
EndProject
Project("{FAE04EC0-301F-11D3-BF4B-00C04F79EFBC}") = "Business", "Business\Business.csproj", "{75EC74C0-5A1C-4C40-9891-36FEF2644E7E}"
EndProject
Project("{FAE04EC0-301F-11D3-BF4B-00C04F79EFBC}") = "ConsoleUI", "ConsoleUI\ConsoleUI.csproj", "{6FF8C2E5-799B-48C1-BF1E-20DE382CAE47}"
EndProject
Global
	GlobalSection(SolutionConfigurationPlatforms) = preSolution
		Debug|Any CPU = Debug|Any CPU
		Release|Any CPU = Release|Any CPU
	EndGlobalSection
	GlobalSection(ProjectConfigurationPlatforms) = postSolution
		{7A2503A0-3D7B-42BD-A4BA-348535857ED2}.Debug|Any CPU.ActiveCfg = Debug|Any CPU
		{7A2503A0-3D7B-42BD-A4BA-348535857ED2}.Debug|Any CPU.Build.0 = Debug|Any CPU
		{7A2503A0-3D7B-42BD-A4BA-348535857ED2}.Release|Any CPU.ActiveCfg = Release|Any CPU
		{7A2503A0-3D7B-42BD-A4BA-348535857ED2}.Release|Any CPU.Build.0 = Release|Any CPU
		{FABDEC8E-E65E-4371-9C72-C3F6452EBC82}.Debug|Any CPU.ActiveCfg = Debug|Any CPU
		{FABDEC8E-E65E-4371-9C72-C3F6452EBC82}.Debug|Any CPU.Build.0 = Debug|Any CPU
		{FABDEC8E-E65E-4371-9C72-C3F6452EBC82}.Release|Any CPU.ActiveCfg = Release|Any CPU
		{FABDEC8E-E65E-4371-9C72-C3F6452EBC82}.Release|Any CPU.Build.0 = Release|Any CPU
		{75EC74C0-5A1C-4C40-9891-36FEF2644E7E}.Debug|Any CPU.ActiveCfg = Debug|Any CPU
		{75EC74C0-5A1C-4C40-9891-36FEF2644E7E}.Debug|Any CPU.Build.0 = Debug|Any CPU
		{75EC74C0-5A1C-4C40-9891-36FEF2644E7E}.Release|Any CPU.ActiveCfg = Release|Any CPU
		{75EC74C0-5A1C-4C40-9891-36FEF2644E7E}.Release|Any CPU.Build.0 = Release|Any CPU
		{6FF8C2E5-799B-48C1-BF1E-20DE382CAE47}.Debug|Any CPU.ActiveCfg = Debug|Any CPU
		{6FF8C2E5-799B-48C1-BF1E-20DE382CAE47}.Debug|Any CPU.Build.0 = Debug|Any CPU
		{6FF8C2E5-799B-48C1-BF1E-20DE382CAE47}.Release|Any CPU.ActiveCfg = Release|Any CPU
		{6FF8C2E5-799B-48C1-BF1E-20DE382CAE47}.Release|Any CPU.Build.0 = Release|Any CPU
	EndGlobalSection
	GlobalSection(SolutionProperties) = preSolution
		HideSolutionNode = FALSE
	EndGlobalSection
	GlobalSection(ExtensibilityGlobals) = postSolution
		SolutionGuid = {E6F6C249-6F6C-4CC7-A128-26548B104AC8}
	EndGlobalSection
EndGlobal
